
Microsoft Visual Studio Solution File, Format Version 12.00
# Visual Studio Version 16
VisualStudioVersion = 16.0.30804.86
MinimumVisualStudioVersion = 10.0.40219.1
Project("{FAE04EC0-301F-11D3-BF4B-00C04F79EFBC}") = "Party", "Party.csproj", "{538EEF72-1E4E-49FB-9956-BE70C35B590E}"
EndProject
Global
	GlobalSection(SolutionConfigurationPlatforms) = preSolution
		Debug|Any CPU = Debug|Any CPU
		Release|Any CPU = Release|Any CPU
	EndGlobalSection
	GlobalSection(ProjectConfigurationPlatforms) = postSolution
		{538EEF72-1E4E-49FB-9956-BE70C35B590E}.Debug|Any CPU.ActiveCfg = Debug|Any CPU
		{538EEF72-1E4E-49FB-9956-BE70C35B590E}.Debug|Any CPU.Build.0 = Debug|Any CPU
		{538EEF72-1E4E-49FB-9956-BE70C35B590E}.Release|Any CPU.ActiveCfg = Release|Any CPU
		{538EEF72-1E4E-49FB-9956-BE70C35B590E}.Release|Any CPU.Build.0 = Release|Any CPU
	EndGlobalSection
	GlobalSection(SolutionProperties) = preSolution
		HideSolutionNode = FALSE
	EndGlobalSection
	GlobalSection(ExtensibilityGlobals) = postSolution
		SolutionGuid = {817EE147-E3AF-4376-9FF0-04F7E4FCA1A0}
	EndGlobalSection
EndGlobal
